
Microsoft Visual Studio Solution File, Format Version 12.00
# Visual Studio 15
VisualStudioVersion = 15.0.28307.168
MinimumVisualStudioVersion = 10.0.40219.1
Project("{A07B5EB6-E848-4116-A8D0-A826331D98C6}") = "ServiceFabricTest", "ServiceFabricTest\ServiceFabricTest.sfproj", "{1F0F2E89-0989-423B-A01A-74268D7A20A7}"
EndProject
Project("{FAE04EC0-301F-11D3-BF4B-00C04F79EFBC}") = "NetCore.Stateless.Web", "NetCore.Stateless.Web\NetCore.Stateless.Web.csproj", "{9EBBAFE2-701C-4665-B7C9-103148DA7962}"
EndProject
Project("{FAE04EC0-301F-11D3-BF4B-00C04F79EFBC}") = "NetCore.Stateless.Service", "NetCore.Stateless.Service\NetCore.Stateless.Service.csproj", "{F79E23AA-0EE8-47F9-A15F-6146FFD94093}"
EndProject
Global
	GlobalSection(SolutionConfigurationPlatforms) = preSolution
		Debug|Any CPU = Debug|Any CPU
		Debug|x64 = Debug|x64
		Release|Any CPU = Release|Any CPU
		Release|x64 = Release|x64
	EndGlobalSection
	GlobalSection(ProjectConfigurationPlatforms) = postSolution
		{1F0F2E89-0989-423B-A01A-74268D7A20A7}.Debug|Any CPU.ActiveCfg = Debug|x64
		{1F0F2E89-0989-423B-A01A-74268D7A20A7}.Debug|x64.ActiveCfg = Debug|x64
		{1F0F2E89-0989-423B-A01A-74268D7A20A7}.Debug|x64.Build.0 = Debug|x64
		{1F0F2E89-0989-423B-A01A-74268D7A20A7}.Debug|x64.Deploy.0 = Debug|x64
		{1F0F2E89-0989-423B-A01A-74268D7A20A7}.Release|Any CPU.ActiveCfg = Release|x64
		{1F0F2E89-0989-423B-A01A-74268D7A20A7}.Release|x64.ActiveCfg = Release|x64
		{1F0F2E89-0989-423B-A01A-74268D7A20A7}.Release|x64.Build.0 = Release|x64
		{1F0F2E89-0989-423B-A01A-74268D7A20A7}.Release|x64.Deploy.0 = Release|x64
		{9EBBAFE2-701C-4665-B7C9-103148DA7962}.Debug|Any CPU.ActiveCfg = Debug|Any CPU
		{9EBBAFE2-701C-4665-B7C9-103148DA7962}.Debug|Any CPU.Build.0 = Debug|Any CPU
		{9EBBAFE2-701C-4665-B7C9-103148DA7962}.Debug|x64.ActiveCfg = Debug|Any CPU
		{9EBBAFE2-701C-4665-B7C9-103148DA7962}.Debug|x64.Build.0 = Debug|Any CPU
		{9EBBAFE2-701C-4665-B7C9-103148DA7962}.Release|Any CPU.ActiveCfg = Release|Any CPU
		{9EBBAFE2-701C-4665-B7C9-103148DA7962}.Release|Any CPU.Build.0 = Release|Any CPU
		{9EBBAFE2-701C-4665-B7C9-103148DA7962}.Release|x64.ActiveCfg = Release|Any CPU
		{9EBBAFE2-701C-4665-B7C9-103148DA7962}.Release|x64.Build.0 = Release|Any CPU
		{F79E23AA-0EE8-47F9-A15F-6146FFD94093}.Debug|Any CPU.ActiveCfg = Debug|Any CPU
		{F79E23AA-0EE8-47F9-A15F-6146FFD94093}.Debug|Any CPU.Build.0 = Debug|Any CPU
		{F79E23AA-0EE8-47F9-A15F-6146FFD94093}.Debug|x64.ActiveCfg = Debug|Any CPU
		{F79E23AA-0EE8-47F9-A15F-6146FFD94093}.Debug|x64.Build.0 = Debug|Any CPU
		{F79E23AA-0EE8-47F9-A15F-6146FFD94093}.Release|Any CPU.ActiveCfg = Release|Any CPU
		{F79E23AA-0EE8-47F9-A15F-6146FFD94093}.Release|Any CPU.Build.0 = Release|Any CPU
		{F79E23AA-0EE8-47F9-A15F-6146FFD94093}.Release|x64.ActiveCfg = Release|Any CPU
		{F79E23AA-0EE8-47F9-A15F-6146FFD94093}.Release|x64.Build.0 = Release|Any CPU
	EndGlobalSection
	GlobalSection(SolutionProperties) = preSolution
		HideSolutionNode = FALSE
	EndGlobalSection
	GlobalSection(ExtensibilityGlobals) = postSolution
		SolutionGuid = {74EE2663-16E7-41E2-8B59-79BD887987E2}
	EndGlobalSection
EndGlobal
